
Microsoft Visual Studio Solution File, Format Version 12.00
# Visual Studio Version 17
VisualStudioVersion = 17.14.36212.18
MinimumVisualStudioVersion = 10.0.40219.1
Project("{FAE04EC0-301F-11D3-BF4B-00C04F79EFBC}") = "assignment5", "assignment5\assignment5.csproj", "{ACD7D9C0-9589-43B5-A648-BC753664D7A0}"
EndProject
Global
	GlobalSection(SolutionConfigurationPlatforms) = preSolution
		Debug|Any CPU = Debug|Any CPU
		Release|Any CPU = Release|Any CPU
	EndGlobalSection
	GlobalSection(ProjectConfigurationPlatforms) = postSolution
		{ACD7D9C0-9589-43B5-A648-BC753664D7A0}.Debug|Any CPU.ActiveCfg = Debug|Any CPU
		{ACD7D9C0-9589-43B5-A648-BC753664D7A0}.Debug|Any CPU.Build.0 = Debug|Any CPU
		{ACD7D9C0-9589-43B5-A648-BC753664D7A0}.Release|Any CPU.ActiveCfg = Release|Any CPU
		{ACD7D9C0-9589-43B5-A648-BC753664D7A0}.Release|Any CPU.Build.0 = Release|Any CPU
	EndGlobalSection
	GlobalSection(SolutionProperties) = preSolution
		HideSolutionNode = FALSE
	EndGlobalSection
	GlobalSection(ExtensibilityGlobals) = postSolution
		SolutionGuid = {6A766676-AC89-46D5-A3A4-98867384C3F8}
	EndGlobalSection
EndGlobal
